
Microsoft Visual Studio Solution File, Format Version 12.00
# Visual Studio 15
VisualStudioVersion = 15.0.28307.421
MinimumVisualStudioVersion = 10.0.40219.1
Project("{888888A0-9F3D-457C-B088-3A5042F75D52}") = "CurrencyConversion", "CurrencyConversion\CurrencyConversion.pyproj", "{9E774D13-9A9F-4C16-A93E-D71F103EF1D8}"
EndProject
Global
	GlobalSection(SolutionConfigurationPlatforms) = preSolution
		Debug|Any CPU = Debug|Any CPU
		Release|Any CPU = Release|Any CPU
	EndGlobalSection
	GlobalSection(ProjectConfigurationPlatforms) = postSolution
		{9E774D13-9A9F-4C16-A93E-D71F103EF1D8}.Debug|Any CPU.ActiveCfg = Debug|Any CPU
		{9E774D13-9A9F-4C16-A93E-D71F103EF1D8}.Debug|Any CPU.Build.0 = Debug|Any CPU
		{9E774D13-9A9F-4C16-A93E-D71F103EF1D8}.Release|Any CPU.ActiveCfg = Release|Any CPU
		{9E774D13-9A9F-4C16-A93E-D71F103EF1D8}.Release|Any CPU.Build.0 = Release|Any CPU
	EndGlobalSection
	GlobalSection(SolutionProperties) = preSolution
		HideSolutionNode = FALSE
	EndGlobalSection
	GlobalSection(ExtensibilityGlobals) = postSolution
		SolutionGuid = {C97F3CD5-0A3A-4420-AAA6-F3435267E57A}
	EndGlobalSection
EndGlobal
